// !$*UTF8*$!
{
	archiveVersion = 1;
	classes = {
	};
	objectVersion = 50;
	objects = {

/* Begin PBXFileReference section */
		EB985753243C3D0B002EDB8C /* Either.swift */ = {isa = PBXFileReference; lastKnownFileType = sourcecode.swift; path = Either.swift; sourceTree = "<group>"; };
/* End PBXFileReference section */

/* Begin PBXGroup section */
		EB98574B243C3CC7002EDB8C = {
			isa = PBXGroup;
			children = (
				EB985752243C3CF0002EDB8C /* src */,
			);
			sourceTree = "<group>";
		};
		EB985752243C3CF0002EDB8C /* src */ = {
			isa = PBXGroup;
			children = (
				EB985753243C3D0B002EDB8C /* Either.swift */,
			);
			path = src;
			sourceTree = "<group>";
		};
/* End PBXGroup section */

/* Begin PBXProject section */
		EB98574C243C3CC7002EDB8C /* Project object */ = {
			isa = PBXProject;
			attributes = {
				LastUpgradeCheck = 1140;
			};
			buildConfigurationList = EB98574F243C3CC7002EDB8C /* Build configuration list for PBXProject "FunctionalEitherOr" */;
			compatibilityVersion = "Xcode 9.3";
			developmentRegion = en;
			hasScannedForEncodings = 0;
			knownRegions = (
				en,
				Base,
			);
			mainGroup = EB98574B243C3CC7002EDB8C;
			projectDirPath = "";
			projectRoot = "";
			targets = (
			);
		};
/* End PBXProject section */

/* Begin XCBuildConfiguration section */
		EB985750243C3CC7002EDB8C /* Debug */ = {
			isa = XCBuildConfiguration;
			buildSettings = {
			};
			name = Debug;
		};
		EB985751243C3CC7002EDB8C /* Release */ = {
			isa = XCBuildConfiguration;
			buildSettings = {
			};
			name = Release;
		};
/* End XCBuildConfiguration section */

/* Begin XCConfigurationList section */
		EB98574F243C3CC7002EDB8C /* Build configuration list for PBXProject "FunctionalEitherOr" */ = {
			isa = XCConfigurationList;
			buildConfigurations = (
				EB985750243C3CC7002EDB8C /* Debug */,
				EB985751243C3CC7002EDB8C /* Release */,
			);
			defaultConfigurationIsVisible = 0;
			defaultConfigurationName = Release;
		};
/* End XCConfigurationList section */
	};
	rootObject = EB98574C243C3CC7002EDB8C /* Project object */;
}
